PATH
  remote: .
  specs:
    svix (1.93.0)
      base64 (~> 0.3.0)
      logger (~> 1.0)

GEM
  remote: https://rubygems.org/
  specs:
    addressable (2.9.0)
      public_suffix (>= 2.0.2, < 8.0)
    base64 (0.3.0)
    bigdecimal (4.1.1)
    crack (1.0.1)
      bigdecimal
      rexml
    diff-lcs (1.6.2)
    hashdiff (1.2.1)
    logger (1.7.0)
    ostruct (0.6.3)
    public_suffix (7.0.5)
    rake (13.4.1)
    rexml (3.4.4)
    rspec (3.13.2)
      rspec-core (~> 3.13.0)
      rspec-expectations (~> 3.13.0)
      rspec-mocks (~> 3.13.0)
    rspec-core (3.13.6)
      rspec-support (~> 3.13.0)
    rspec-expectations (3.13.5)
      diff-lcs (>= 1.2.0, < 2.0)
      rspec-support (~> 3.13.0)
    rspec-mocks (3.13.8)
      diff-lcs (>= 1.2.0, < 2.0)
      rspec-support (~> 3.13.0)
    rspec-support (3.13.7)
    webmock (3.26.2)
      addressable (>= 2.8.0)
      crack (>= 0.3.2)
      hashdiff (>= 0.4.0, < 2.0.0)

PLATFORMS
  ruby

DEPENDENCIES
  base64
  logger
  ostruct
  rake (~> 13.0)
  rspec (~> 3.2)
  svix!
  webmock (~> 3.25)

BUNDLED WITH
   2.6.5
