# THIS IS AN AUTOGENERATED FILE. DO NOT EDIT THIS FILE DIRECTLY.
# yarn lockfile v1


"@exodus/schemasafe@^1.0.0-rc.2":
  version "1.3.0"
  resolved "https://registry.yarnpkg.com/@exodus/schemasafe/-/schemasafe-1.3.0.tgz#731656abe21e8e769a7f70a4d833e6312fe59b7f"
  integrity sha512-5Aap/GaRupgNx/feGBwLLTVv8OQFfv3pq2lPRzPg9R+IOBnDgghTGW7l7EuVXOvg5cc/xSAlRW8rBrjIC3Nvqw==

"@faker-js/faker@5.5.3":
  version "5.5.3"
  resolved "https://registry.yarnpkg.com/@faker-js/faker/-/faker-5.5.3.tgz#18e3af6b8eae7984072bbeb0c0858474d7c4cefe"
  integrity sha512-R11tGE6yIFwqpaIqcfkcg7AICXzFg14+5h5v0TfF/9+RMDL6jhzCy/pxHVOfbALGdtVYdt6JdR21tuxEgl34dw==

ajv-draft-04@1.0.0:
  version "1.0.0"
  resolved "https://registry.yarnpkg.com/ajv-draft-04/-/ajv-draft-04-1.0.0.tgz#3b64761b268ba0b9e668f0b41ba53fce0ad77fc8"
  integrity sha512-mv00Te6nmYbRp5DCwclxtt7yV/joXJPGS7nM+97GdxvuttCOfgI3K4U25zboyeX0O+myI8ERluxQe5wljMmVIw==

ajv-formats@2.1.1:
  version "2.1.1"
  resolved "https://registry.yarnpkg.com/ajv-formats/-/ajv-formats-2.1.1.tgz#6e669400659eb74973bbf2e33327180a0996b520"
  integrity sha512-Wx0Kx52hxE7C18hkMEggYlEifqWZtYaRgouJor+WMdPnQyEK13vgEWyVNup7SoeeoLMsr4kf5h6dOW11I15MUA==
  dependencies:
    ajv "^8.0.0"

ajv@^8.0.0, ajv@^8.11.0:
  version "8.17.1"
  resolved "https://registry.yarnpkg.com/ajv/-/ajv-8.17.1.tgz#37d9a5c776af6bc92d7f4f9510eba4c0a60d11a6"
  integrity sha512-B/gBuNg5SiMTrPkC+A2+cW0RszwxYmn6VYxB/inlBStS5nx6xHIt/ehKRhIMhqusl7a8LjQoZnjCs5vhwxOQ1g==
  dependencies:
    fast-deep-equal "^3.1.3"
    fast-uri "^3.0.1"
    json-schema-traverse "^1.0.0"
    require-from-string "^2.0.2"

ansi-regex@^5.0.1:
  version "5.0.1"
  resolved "https://registry.yarnpkg.com/ansi-regex/-/ansi-regex-5.0.1.tgz#082cb2c89c9fe8659a311a53bd6a4dc5301db304"
  integrity sha512-quJQXlTSUGL2LH9SUXo8VwsY4soanhgo6LNSm84E1LBcE8s3O0wpdiRzyR9z/ZZJMlMWv37qOOb9pdJlMUEKFQ==

ansi-styles@^4.0.0:
  version "4.3.0"
  resolved "https://registry.yarnpkg.com/ansi-styles/-/ansi-styles-4.3.0.tgz#edd803628ae71c04c85ae7a0906edad34b648937"
  integrity sha512-zbB9rCJAT1rbjiVDb2hqKFHNYLxgtk8NURxZ3IZwD3F6NtxbXZQCnnSi1Lkx+IDohdPlFp222wVALIheZJQSEg==
  dependencies:
    color-convert "^2.0.1"

argparse@^2.0.1:
  version "2.0.1"
  resolved "https://registry.yarnpkg.com/argparse/-/argparse-2.0.1.tgz#246f50f3ca78a3240f6c997e8a9bd1eac49e4b38"
  integrity sha512-8+9WqebbFzpX9OR+Wa6O29asIogeRMzcGtAINdpMHHyAg10f05aSFVBbcEqGf/PXw1EjAZ+q2/bEBg3DvurK3Q==

async@3.2.6:
  version "3.2.6"
  resolved "https://registry.yarnpkg.com/async/-/async-3.2.6.tgz#1b0728e14929d51b85b449b7f06e27c1145e38ce"
  integrity sha512-htCUDlxyyCLMgaM3xXg0C0LW2xqfuQ6p05pCEIsXuyQ+a1koYKTuBMzRNwmybfLgvJDMd0r1LTn4+E0Ti6C2AA==

asynckit@^0.4.0:
  version "0.4.0"
  resolved "https://registry.yarnpkg.com/asynckit/-/asynckit-0.4.0.tgz#c79ed97f7f34cb8f2ba1bc9790bcc366474b4b79"
  integrity sha512-Oei9OH4tRh0YqU3GxhX79dM/mwVgvbZJaSNaRk+bshkj0S5cfHcgYakreBjrHwatXKbz+IoIdYLxrKim2MjW0Q==

axios@^1.0:
  version "1.13.2"
  resolved "https://registry.yarnpkg.com/axios/-/axios-1.13.2.tgz#9ada120b7b5ab24509553ec3e40123521117f687"
  integrity sha512-VPk9ebNqPcy5lRGuSlKx752IlDatOjT9paPlm8A7yOuW2Fbvp4X3JznJtT4f0GzGLLiWE9W8onz51SqLYwzGaA==
  dependencies:
    follow-redirects "^1.15.6"
    form-data "^4.0.4"
    proxy-from-env "^1.1.0"

call-bind-apply-helpers@^1.0.1, call-bind-apply-helpers@^1.0.2:
  version "1.0.2"
  resolved "https://registry.yarnpkg.com/call-bind-apply-helpers/-/call-bind-apply-helpers-1.0.2.tgz#4b5428c222be985d79c3d82657479dbe0b59b2d6"
  integrity sha512-Sp1ablJ0ivDkSzjcaJdxEunN5/XvksFJ2sMBFfq6x0ryhQV/2b/KwFe21cMpmHtPOSij8K99/wSfoEuTObmuMQ==
  dependencies:
    es-errors "^1.3.0"
    function-bind "^1.1.2"

call-me-maybe@^1.0.1:
  version "1.0.2"
  resolved "https://registry.yarnpkg.com/call-me-maybe/-/call-me-maybe-1.0.2.tgz#03f964f19522ba643b1b0693acb9152fe2074baa"
  integrity sha512-HpX65o1Hnr9HH25ojC1YGs7HCQLq0GCOibSaWER0eNpgJ/Z1MZv2mTc7+xh6WOPxbRVcmgbv4hGU+uSQ/2xFZQ==

charset@^1.0.0:
  version "1.0.1"
  resolved "https://registry.yarnpkg.com/charset/-/charset-1.0.1.tgz#8d59546c355be61049a8fa9164747793319852bd"
  integrity sha512-6dVyOOYjpfFcL1Y4qChrAoQLRHvj2ziyhcm0QJlhOcAhykL/k1kTUPbeo+87MNRTRdk2OIIsIXbuF3x2wi5EXg==

cliui@^8.0.1:
  version "8.0.1"
  resolved "https://registry.yarnpkg.com/cliui/-/cliui-8.0.1.tgz#0c04b075db02cbfe60dc8e6cf2f5486b1a3608aa"
  integrity sha512-BSeNnyus75C4//NQ9gQt1/csTXyo/8Sb+afLAkzAptFuMsod9HFokGNudZpi/oQV73hnVK+sR+5PVRMd+Dr7YQ==
  dependencies:
    string-width "^4.2.0"
    strip-ansi "^6.0.1"
    wrap-ansi "^7.0.0"

color-convert@^2.0.1:
  version "2.0.1"
  resolved "https://registry.yarnpkg.com/color-convert/-/color-convert-2.0.1.tgz#72d3a68d598c9bdb3af2ad1e84f21d896abd4de3"
  integrity sha512-RRECPsj7iu/xb5oKYcsFHSppFNnsj/52OVTRKb4zP5onXwVF3zVmmToNcOfGC+CRDpfK/U584fMg38ZHCaElKQ==
  dependencies:
    color-name "~1.1.4"

color-name@~1.1.4:
  version "1.1.4"
  resolved "https://registry.yarnpkg.com/color-name/-/color-name-1.1.4.tgz#c2a09a87acbde69543de6f63fa3995c826c536a2"
  integrity sha512-dOy+3AuW3a2wNbZHIuMZpTcgjGuLU/uBL/ubcZF9OXbDo8ff4O8yVp5Bf0efS8uEoYo5q4Fx7dY9OgQGXgAsQA==

combined-stream@^1.0.8:
  version "1.0.8"
  resolved "https://registry.yarnpkg.com/combined-stream/-/combined-stream-1.0.8.tgz#c3d45a8b34fd730631a110a8a2520682b31d5a7f"
  integrity sha512-FQN4MRfuJeHf7cBbBMJFXhKSDq+2kAArBlmRBvcvFE5BB1HZKXtSFASDhdlz9zOYwxh8lDdnvmMOe/+5cdoEdg==
  dependencies:
    delayed-stream "~1.0.0"

commander@2.20.3:
  version "2.20.3"
  resolved "https://registry.yarnpkg.com/commander/-/commander-2.20.3.tgz#fd485e84c03eb4881c20722ba48035e8531aeb33"
  integrity sha512-GpVkmM8vF2vQUkj2LvZmD35JxeJOLCwJ9cUkugyk2nuhbv3+mJvpLYYt+0+USMxE+oj+ey/lJEnhZw75x/OMcQ==

compute-gcd@^1.2.1:
  version "1.2.1"
  resolved "https://registry.yarnpkg.com/compute-gcd/-/compute-gcd-1.2.1.tgz#34d639f3825625e1357ce81f0e456a6249d8c77f"
  integrity sha512-TwMbxBNz0l71+8Sc4czv13h4kEqnchV9igQZBi6QUaz09dnz13juGnnaWWJTRsP3brxOoxeB4SA2WELLw1hCtg==
  dependencies:
    validate.io-array "^1.0.3"
    validate.io-function "^1.0.2"
    validate.io-integer-array "^1.0.0"

compute-lcm@^1.1.2:
  version "1.1.2"
  resolved "https://registry.yarnpkg.com/compute-lcm/-/compute-lcm-1.1.2.tgz#9107c66b9dca28cefb22b4ab4545caac4034af23"
  integrity sha512-OFNPdQAXnQhDSKioX8/XYT6sdUlXwpeMjfd6ApxMJfyZ4GxmLR1xvMERctlYhlHwIiz6CSpBc2+qYKjHGZw4TQ==
  dependencies:
    compute-gcd "^1.2.1"
    validate.io-array "^1.0.3"
    validate.io-function "^1.0.2"
    validate.io-integer-array "^1.0.0"

delayed-stream@~1.0.0:
  version "1.0.0"
  resolved "https://registry.yarnpkg.com/delayed-stream/-/delayed-stream-1.0.0.tgz#df3ae199acadfb7d440aaae0b29e2272b24ec619"
  integrity sha512-ZySD7Nf91aLB0RxL4KGrKHBXl7Eds1DAmEdcoVawXnLD7SDhpNgtuII2aAkg7a7QS41jxPSZ17p4VdGnMHk3MQ==

dunder-proto@^1.0.1:
  version "1.0.1"
  resolved "https://registry.yarnpkg.com/dunder-proto/-/dunder-proto-1.0.1.tgz#d7ae667e1dc83482f8b70fd0f6eefc50da30f58a"
  integrity sha512-KIN/nDJBQRcXw0MLVhZE9iQHmG68qAVIBg9CqmUYjmQIhgij9U5MFvrqkUL5FbtyyzZuOeOt0zdeRe4UY7ct+A==
  dependencies:
    call-bind-apply-helpers "^1.0.1"
    es-errors "^1.3.0"
    gopd "^1.2.0"

emoji-regex@^8.0.0:
  version "8.0.0"
  resolved "https://registry.yarnpkg.com/emoji-regex/-/emoji-regex-8.0.0.tgz#e818fd69ce5ccfcb404594f842963bf53164cc37"
  integrity sha512-MSjYzcWNOA0ewAHpz0MxpYFvwg6yjy1NG3xteoqz644VCo/RPgnr1/GGt+ic3iJTzQ8Eu3TdM14SawnVUmGE6A==

es-define-property@^1.0.1:
  version "1.0.1"
  resolved "https://registry.yarnpkg.com/es-define-property/-/es-define-property-1.0.1.tgz#983eb2f9a6724e9303f61addf011c72e09e0b0fa"
  integrity sha512-e3nRfgfUZ4rNGL232gUgX06QNyyez04KdjFrF+LTRoOXmrOgFKDg4BCdsjW8EnT69eqdYGmRpJwiPVYNrCaW3g==

es-errors@^1.3.0:
  version "1.3.0"
  resolved "https://registry.yarnpkg.com/es-errors/-/es-errors-1.3.0.tgz#05f75a25dab98e4fb1dcd5e1472c0546d5057c8f"
  integrity sha512-Zf5H2Kxt2xjTvbJvP2ZWLEICxA6j+hAmMzIlypy4xcBg1vKVnx89Wy0GbS+kf5cwCVFFzdCFh2XSCFNULS6csw==

es-object-atoms@^1.0.0, es-object-atoms@^1.1.1:
  version "1.1.1"
  resolved "https://registry.yarnpkg.com/es-object-atoms/-/es-object-atoms-1.1.1.tgz#1c4f2c4837327597ce69d2ca190a7fdd172338c1"
  integrity sha512-FGgH2h8zKNim9ljj7dankFPcICIK9Cp5bm+c2gQSYePhpaG5+esrLODihIorn+Pe6FGJzWhXQotPv73jTaldXA==
  dependencies:
    es-errors "^1.3.0"

es-set-tostringtag@^2.1.0:
  version "2.1.0"
  resolved "https://registry.yarnpkg.com/es-set-tostringtag/-/es-set-tostringtag-2.1.0.tgz#f31dbbe0c183b00a6d26eb6325c810c0fd18bd4d"
  integrity sha512-j6vWzfrGVfyXxge+O0x5sh6cvxAog0a/4Rdd2K36zCMV5eJ+/+tOAngRO8cODMNWbVRdVlmGZQL2YS3yR8bIUA==
  dependencies:
    es-errors "^1.3.0"
    get-intrinsic "^1.2.6"
    has-tostringtag "^1.0.2"
    hasown "^2.0.2"

es6-promise@^3.2.1:
  version "3.3.1"
  resolved "https://registry.yarnpkg.com/es6-promise/-/es6-promise-3.3.1.tgz#a08cdde84ccdbf34d027a1451bc91d4bcd28a613"
  integrity sha512-SOp9Phqvqn7jtEUxPWdWfWoLmyt2VaJ6MpvP9Comy1MceMXqE6bxvaTu4iaxpYYPzhny28Lc+M87/c2cPK6lDg==

escalade@^3.1.1:
  version "3.2.0"
  resolved "https://registry.yarnpkg.com/escalade/-/escalade-3.2.0.tgz#011a3f69856ba189dffa7dc8fcce99d2a87903e5"
  integrity sha512-WUj2qlxaQtO4g6Pq5c29GTcWGDyd8itL8zTlipgECz3JesAiiOKotd8JU6otB3PACgG6xkJUyVhboMS+bje/jA==

fast-deep-equal@^3.1.3:
  version "3.1.3"
  resolved "https://registry.yarnpkg.com/fast-deep-equal/-/fast-deep-equal-3.1.3.tgz#3a7d56b559d6cbc3eb512325244e619a65c6c525"
  integrity sha512-f3qQ9oQy9j2AhBe/H9VC91wLmKBCCU/gDOnKNAYG5hswO7BLKj09Hc5HYNz9cGI++xlpDCIgDaitVs03ATR84Q==

fast-safe-stringify@^2.0.7:
  version "2.1.1"
  resolved "https://registry.yarnpkg.com/fast-safe-stringify/-/fast-safe-stringify-2.1.1.tgz#c406a83b6e70d9e35ce3b30a81141df30aeba884"
  integrity sha512-W+KJc2dmILlPplD/H4K9l9LcAHAfPtP6BY84uVLXQ6Evcz9Lcg33Y2z1IVblT6xdY54PXYVHEv+0Wpq8Io6zkA==

fast-uri@^3.0.1:
  version "3.1.0"
  resolved "https://registry.yarnpkg.com/fast-uri/-/fast-uri-3.1.0.tgz#66eecff6c764c0df9b762e62ca7edcfb53b4edfa"
  integrity sha512-iPeeDKJSWf4IEOasVVrknXpaBV0IApz/gp7S2bb7Z4Lljbl2MGJRqInZiUrQwV16cpzw/D3S5j5Julj/gT52AA==

file-type@3.9.0:
  version "3.9.0"
  resolved "https://registry.yarnpkg.com/file-type/-/file-type-3.9.0.tgz#257a078384d1db8087bc449d107d52a52672b9e9"
  integrity sha512-RLoqTXE8/vPmMuTI88DAzhMYC99I8BWv7zYP4A1puo5HIjEJ5EX48ighy4ZyKMG9EDXxBgW6e++cn7d1xuFghA==

follow-redirects@^1.15.6:
  version "1.15.11"
  resolved "https://registry.yarnpkg.com/follow-redirects/-/follow-redirects-1.15.11.tgz#777d73d72a92f8ec4d2e410eb47352a56b8e8340"
  integrity sha512-deG2P0JfjrTxl50XGCDyfI97ZGVCxIpfKYmfyrQ54n5FO/0gfIES8C/Psl6kWVDolizcaaxZJnTS0QSMxvnsBQ==

foreach@^2.0.4:
  version "2.0.6"
  resolved "https://registry.yarnpkg.com/foreach/-/foreach-2.0.6.tgz#87bcc8a1a0e74000ff2bf9802110708cfb02eb6e"
  integrity sha512-k6GAGDyqLe9JaebCsFCoudPPWfihKu8pylYXRlqP1J7ms39iPoTtk2fviNglIeQEwdh0bQeKJ01ZPyuyQvKzwg==

form-data@^4.0.4:
  version "4.0.5"
  resolved "https://registry.yarnpkg.com/form-data/-/form-data-4.0.5.tgz#b49e48858045ff4cbf6b03e1805cebcad3679053"
  integrity sha512-8RipRLol37bNs2bhoV67fiTEvdTrbMUYcFTiy3+wuuOnUog2QBHCZWXDRijWQfAkhBj2Uf5UnVaiWwA5vdd82w==
  dependencies:
    asynckit "^0.4.0"
    combined-stream "^1.0.8"
    es-set-tostringtag "^2.1.0"
    hasown "^2.0.2"
    mime-types "^2.1.12"

function-bind@^1.1.2:
  version "1.1.2"
  resolved "https://registry.yarnpkg.com/function-bind/-/function-bind-1.1.2.tgz#2c02d864d97f3ea6c8830c464cbd11ab6eab7a1c"
  integrity sha512-7XHNxH7qX9xG5mIwxkhumTox/MIRNcOgDrxWsMt2pAr23WHp6MrRlN7FBSFpCpr+oVO0F744iUgR82nJMfG2SA==

get-caller-file@^2.0.5:
  version "2.0.5"
  resolved "https://registry.yarnpkg.com/get-caller-file/-/get-caller-file-2.0.5.tgz#4f94412a82db32f36e3b0b9741f8a97feb031f7e"
  integrity sha512-DyFP3BM/3YHTQOCUL/w0OZHR0lpKeGrxotcHWcqNEdnltqFwXVfhEBQ94eIo34AfQpo0rGki4cyIiftY06h2Fg==

get-intrinsic@^1.2.6:
  version "1.3.0"
  resolved "https://registry.yarnpkg.com/get-intrinsic/-/get-intrinsic-1.3.0.tgz#743f0e3b6964a93a5491ed1bffaae054d7f98d01"
  integrity sha512-9fSjSaos/fRIVIp+xSJlE6lfwhES7LNtKaCBIamHsjr2na1BiABJPo0mOjjz8GJDURarmCPGqaiVg5mfjb98CQ==
  dependencies:
    call-bind-apply-helpers "^1.0.2"
    es-define-property "^1.0.1"
    es-errors "^1.3.0"
    es-object-atoms "^1.1.1"
    function-bind "^1.1.2"
    get-proto "^1.0.1"
    gopd "^1.2.0"
    has-symbols "^1.1.0"
    hasown "^2.0.2"
    math-intrinsics "^1.1.0"

get-proto@^1.0.1:
  version "1.0.1"
  resolved "https://registry.yarnpkg.com/get-proto/-/get-proto-1.0.1.tgz#150b3f2743869ef3e851ec0c49d15b1d14d00ee1"
  integrity sha512-sTSfBjoXBp89JvIKIefqw7U2CCebsc74kiY6awiGogKtoSGbgjYE/G/+l9sF3MWFPNc9IcoOC4ODfKHfxFmp0g==
  dependencies:
    dunder-proto "^1.0.1"
    es-object-atoms "^1.0.0"

gopd@^1.2.0:
  version "1.2.0"
  resolved "https://registry.yarnpkg.com/gopd/-/gopd-1.2.0.tgz#89f56b8217bdbc8802bd299df6d7f1081d7e51a1"
  integrity sha512-ZUKRh6/kUFoAiTAtTYPZJ3hw9wNxx+BIBOijnlG9PnrJsCcSjs1wyyD6vJpaYtgnzDrKYRSqf3OO6Rfa93xsRg==

graphlib@2.1.8:
  version "2.1.8"
  resolved "https://registry.yarnpkg.com/graphlib/-/graphlib-2.1.8.tgz#5761d414737870084c92ec7b5dbcb0592c9d35da"
  integrity sha512-jcLLfkpoVGmH7/InMC/1hIvOPSUh38oJtGhvrOFGzioE1DZ+0YW16RgmOJhHiuWTvGiJQ9Z1Ik43JvkRPRvE+A==
  dependencies:
    lodash "^4.17.15"

has-symbols@^1.0.3, has-symbols@^1.1.0:
  version "1.1.0"
  resolved "https://registry.yarnpkg.com/has-symbols/-/has-symbols-1.1.0.tgz#fc9c6a783a084951d0b971fe1018de813707a338"
  integrity sha512-1cDNdwJ2Jaohmb3sg4OmKaMBwuC48sYni5HUw2DvsC8LjGTLK9h+eb1X6RyuOHe4hT0ULCW68iomhjUoKUqlPQ==

has-tostringtag@^1.0.2:
  version "1.0.2"
  resolved "https://registry.yarnpkg.com/has-tostringtag/-/has-tostringtag-1.0.2.tgz#2cdc42d40bef2e5b4eeab7c01a73c54ce7ab5abc"
  integrity sha512-NqADB8VjPFLM2V0VvHUewwwsw0ZWBaIdgo+ieHtK3hasLz4qeCRjYcqfB6AQrBggRKppKF8L52/VqdVsO47Dlw==
  dependencies:
    has-symbols "^1.0.3"

hasown@^2.0.2:
  version "2.0.2"
  resolved "https://registry.yarnpkg.com/hasown/-/hasown-2.0.2.tgz#003eaf91be7adc372e84ec59dc37252cedb80003"
  integrity sha512-0hJU9SCPvmMzIBdZFqNPXWa6dqh7WdH0cII9y+CyS8rG3nL48Bclra9HmKhVVUHyPWNH5Y7xDwAB7bfgSjkUMQ==
  dependencies:
    function-bind "^1.1.2"

http-reasons@0.1.0:
  version "0.1.0"
  resolved "https://registry.yarnpkg.com/http-reasons/-/http-reasons-0.1.0.tgz#a953ca670078669dde142ce899401b9d6e85d3b4"
  integrity sha512-P6kYh0lKZ+y29T2Gqz+RlC9WBLhKe8kDmcJ+A+611jFfxdPsbMRQ5aNmFRM3lENqFkK+HTTL+tlQviAiv0AbLQ==

http2-client@^1.2.5:
  version "1.3.5"
  resolved "https://registry.yarnpkg.com/http2-client/-/http2-client-1.3.5.tgz#20c9dc909e3cc98284dd20af2432c524086df181"
  integrity sha512-EC2utToWl4RKfs5zd36Mxq7nzHHBuomZboI0yYL6Y0RmBgT7Sgkq4rQ0ezFTYoIsSs7Tm9SJe+o2FcAg6GBhGA==

iconv-lite@0.6.3:
  version "0.6.3"
  resolved "https://registry.yarnpkg.com/iconv-lite/-/iconv-lite-0.6.3.tgz#a52f80bf38da1952eb5c681790719871a1a72501"
  integrity sha512-4fCk79wshMdzMp2rH06qWrJE4iolqLhCUH+OiuIgU++RB0+94NlDL81atO7GX55uUKueo0txHNtvEyI6D7WdMw==
  dependencies:
    safer-buffer ">= 2.1.2 < 3.0.0"

is-fullwidth-code-point@^3.0.0:
  version "3.0.0"
  resolved "https://registry.yarnpkg.com/is-fullwidth-code-point/-/is-fullwidth-code-point-3.0.0.tgz#f116f8064fe90b3f7844a38997c0b75051269f1d"
  integrity sha512-zymm5+u+sCsSWyD9qNaejV3DFvhCKclKdizYaJUuHA83RLjb7nSuGnddCHGv0hk+KY7BMAlsWeK4Ueg6EV6XQg==

js-yaml@4.1.0, js-yaml@4.1.1:
  version "4.1.1"
  resolved "https://registry.yarnpkg.com/js-yaml/-/js-yaml-4.1.1.tgz#854c292467705b699476e1a2decc0c8a3458806b"
  integrity sha512-qQKT4zQxXl8lLwBtHMWwaTcGfFOZviOJet3Oy/xmGk2gZH677CJM9EvtfdSkgWcATZhj/55JZ0rmy3myCT5lsA==
  dependencies:
    argparse "^2.0.1"

json-pointer@0.6.2:
  version "0.6.2"
  resolved "https://registry.yarnpkg.com/json-pointer/-/json-pointer-0.6.2.tgz#f97bd7550be5e9ea901f8c9264c9d436a22a93cd"
  integrity sha512-vLWcKbOaXlO+jvRy4qNd+TI1QUPZzfJj1tpJ3vAXDych5XJf93ftpUKe5pKCrzyIIwgBJcOcCVRUfqQP25afBw==
  dependencies:
    foreach "^2.0.4"

json-schema-compare@^0.2.2:
  version "0.2.2"
  resolved "https://registry.yarnpkg.com/json-schema-compare/-/json-schema-compare-0.2.2.tgz#dd601508335a90c7f4cfadb6b2e397225c908e56"
  integrity sha512-c4WYmDKyJXhs7WWvAWm3uIYnfyWFoIp+JEoX34rctVvEkMYCPGhXtvmFFXiffBbxfZsvQ0RNnV5H7GvDF5HCqQ==
  dependencies:
    lodash "^4.17.4"

json-schema-merge-allof@0.8.1:
  version "0.8.1"
  resolved "https://registry.yarnpkg.com/json-schema-merge-allof/-/json-schema-merge-allof-0.8.1.tgz#ed2828cdd958616ff74f932830a26291789eaaf2"
  integrity sha512-CTUKmIlPJbsWfzRRnOXz+0MjIqvnleIXwFTzz+t9T86HnYX/Rozria6ZVGLktAU9e+NygNljveP+yxqtQp/Q4w==
  dependencies:
    compute-lcm "^1.1.2"
    json-schema-compare "^0.2.2"
    lodash "^4.17.20"

json-schema-traverse@^1.0.0:
  version "1.0.0"
  resolved "https://registry.yarnpkg.com/json-schema-traverse/-/json-schema-traverse-1.0.0.tgz#ae7bcb3656ab77a73ba5c49bf654f38e6b6860e2"
  integrity sha512-NM8/P9n3XjXhIZn1lLhkFaACTOURQXjWhV4BA/RnOv8xvgqtqpAX9IO4mRQxSx1Rlo4tqzeqb0sOlruaOy3dug==

liquid-json@0.3.1:
  version "0.3.1"
  resolved "https://registry.yarnpkg.com/liquid-json/-/liquid-json-0.3.1.tgz#9155a18136d8a6b2615e5f16f9a2448ab6b50eea"
  integrity sha512-wUayTU8MS827Dam6MxgD72Ui+KOSF+u/eIqpatOtjnvgJ0+mnDq33uC2M7J0tPK+upe/DpUAuK4JUU89iBoNKQ==

lodash@4.17.21, lodash@4.17.23, lodash@^4.17.15, lodash@^4.17.20, lodash@^4.17.4:
  version "4.17.23"
  resolved "https://registry.yarnpkg.com/lodash/-/lodash-4.17.23.tgz#f113b0378386103be4f6893388c73d0bde7f2c5a"
  integrity sha512-LgVTMpQtIopCi79SJeDiP0TfWi5CNEc/L/aRdTh3yIvmZXTnheWpKjSZhnvMl8iXbC1tFg9gdHHDMLoV7CnG+w==

math-intrinsics@^1.1.0:
  version "1.1.0"
  resolved "https://registry.yarnpkg.com/math-intrinsics/-/math-intrinsics-1.1.0.tgz#a0dd74be81e2aa5c2f27e65ce283605ee4e2b7f9"
  integrity sha512-/IXtbwEk5HTPyEwyKX6hGkYXxM9nbj64B+ilVJnC/R6B0pH5G4V3b0pVbL7DBj4tkhBAppbQUlf6F6Xl9LHu1g==

mime-db@1.52.0:
  version "1.52.0"
  resolved "https://registry.yarnpkg.com/mime-db/-/mime-db-1.52.0.tgz#bbabcdc02859f4987301c856e3387ce5ec43bf70"
  integrity sha512-sPU4uV7dYlvtWJxwwxHD0PuihVNiE7TyAbQ5SWxDCB9mUYvOgroQOwYQQOKPJ8CIbE+1ETVlOoK1UC2nU3gYvg==

mime-format@2.0.2:
  version "2.0.2"
  resolved "https://registry.yarnpkg.com/mime-format/-/mime-format-2.0.2.tgz#77fa304b9aedb21439c4db010305146edbd8a912"
  integrity sha512-Y5ERWVcyh3sby9Fx2U5F1yatiTFjNsqF5NltihTWI9QgNtr5o3dbCZdcKa1l2wyfhnwwoP9HGNxga7LqZLA6gw==
  dependencies:
    charset "^1.0.0"

mime-types@^2.1.12:
  version "2.1.35"
  resolved "https://registry.yarnpkg.com/mime-types/-/mime-types-2.1.35.tgz#381a871b62a734450660ae3deee44813f70d959a"
  integrity sha512-ZDY+bPm5zTTF+YpCrAU9nK0UgICYPT0QtT1NZWFv4s++TNkcgVaT0g6+4R2uI4MjQjzysHB1zxuWL50hzaeXiw==
  dependencies:
    mime-db "1.52.0"

mime@3.0.0:
  version "3.0.0"
  resolved "https://registry.yarnpkg.com/mime/-/mime-3.0.0.tgz#b374550dca3a0c18443b0c950a6a58f1931cf7a7"
  integrity sha512-jSCU7/VB1loIWBZe14aEYHU/+1UMEHoaO7qxCOVJOw9GgH72VAWppxNcjU+x9a2k3GSIBXNKxXQFqRvvZ7vr3A==

neotraverse@0.6.15:
  version "0.6.15"
  resolved "https://registry.yarnpkg.com/neotraverse/-/neotraverse-0.6.15.tgz#dc4abb64700c52440f13bc53635b559862420360"
  integrity sha512-HZpdkco+JeXq0G+WWpMJ4NsX3pqb5O7eR9uGz3FfoFt+LYzU8iRWp49nJtud6hsDoywM8tIrDo3gjgmOqJA8LA==

node-fetch-h2@^2.3.0:
  version "2.3.0"
  resolved "https://registry.yarnpkg.com/node-fetch-h2/-/node-fetch-h2-2.3.0.tgz#c6188325f9bd3d834020bf0f2d6dc17ced2241ac"
  integrity sha512-ofRW94Ab0T4AOh5Fk8t0h8OBWrmjb0SSB20xh1H8YnPV9EJ+f5AMoYSUQ2zgJ4Iq2HAK0I2l5/Nequ8YzFS3Hg==
  dependencies:
    http2-client "^1.2.5"

node-fetch@^2.6.1:
  version "2.7.0"
  resolved "https://registry.yarnpkg.com/node-fetch/-/node-fetch-2.7.0.tgz#d0f0fa6e3e2dc1d27efcd8ad99d550bda94d187d"
  integrity sha512-c4FRfUm/dbcWZ7U+1Wq0AwCyFL+3nt2bEw05wfxSz+DWpWsitgmSgYmy2dQdWyKC1694ELPqMs/YzUSNozLt8A==
  dependencies:
    whatwg-url "^5.0.0"

node-readfiles@^0.2.0:
  version "0.2.0"
  resolved "https://registry.yarnpkg.com/node-readfiles/-/node-readfiles-0.2.0.tgz#dbbd4af12134e2e635c245ef93ffcf6f60673a5d"
  integrity sha512-SU00ZarexNlE4Rjdm83vglt5Y9yiQ+XI1XpflWlb7q7UTN1JUItm69xMeiQCTxtTfnzt+83T8Cx+vI2ED++VDA==
  dependencies:
    es6-promise "^3.2.1"

oas-kit-common@^1.0.8:
  version "1.0.8"
  resolved "https://registry.yarnpkg.com/oas-kit-common/-/oas-kit-common-1.0.8.tgz#6d8cacf6e9097967a4c7ea8bcbcbd77018e1f535"
  integrity sha512-pJTS2+T0oGIwgjGpw7sIRU8RQMcUoKCDWFLdBqKB2BNmGpbBMH2sdqAaOXUg8OzonZHU0L7vfJu1mJFEiYDWOQ==
  dependencies:
    fast-safe-stringify "^2.0.7"

oas-linter@^3.2.2:
  version "3.2.2"
  resolved "https://registry.yarnpkg.com/oas-linter/-/oas-linter-3.2.2.tgz#ab6a33736313490659035ca6802dc4b35d48aa1e"
  integrity sha512-KEGjPDVoU5K6swgo9hJVA/qYGlwfbFx+Kg2QB/kd7rzV5N8N5Mg6PlsoCMohVnQmo+pzJap/F610qTodKzecGQ==
  dependencies:
    "@exodus/schemasafe" "^1.0.0-rc.2"
    should "^13.2.1"
    yaml "^1.10.0"

oas-resolver-browser@2.5.6:
  version "2.5.6"
  resolved "https://registry.yarnpkg.com/oas-resolver-browser/-/oas-resolver-browser-2.5.6.tgz#1974db66d594fa8c67d3aa866b46b9e2156a8b55"
  integrity sha512-Jw5elT/kwUJrnGaVuRWe1D7hmnYWB8rfDDjBnpQ+RYY/dzAewGXeTexXzt4fGEo6PUE4eqKqPWF79MZxxvMppA==
  dependencies:
    node-fetch-h2 "^2.3.0"
    oas-kit-common "^1.0.8"
    path-browserify "^1.0.1"
    reftools "^1.1.9"
    yaml "^1.10.0"
    yargs "^17.0.1"

oas-resolver@^2.5.6:
  version "2.5.6"
  resolved "https://registry.yarnpkg.com/oas-resolver/-/oas-resolver-2.5.6.tgz#10430569cb7daca56115c915e611ebc5515c561b"
  integrity sha512-Yx5PWQNZomfEhPPOphFbZKi9W93CocQj18NlD2Pa4GWZzdZpSJvYwoiuurRI7m3SpcChrnO08hkuQDL3FGsVFQ==
  dependencies:
    node-fetch-h2 "^2.3.0"
    oas-kit-common "^1.0.8"
    reftools "^1.1.9"
    yaml "^1.10.0"
    yargs "^17.0.1"

oas-schema-walker@^1.1.5:
  version "1.1.5"
  resolved "https://registry.yarnpkg.com/oas-schema-walker/-/oas-schema-walker-1.1.5.tgz#74c3cd47b70ff8e0b19adada14455b5d3ac38a22"
  integrity sha512-2yucenq1a9YPmeNExoUa9Qwrt9RFkjqaMAA1X+U7sbb0AqBeTIdMHky9SQQ6iN94bO5NW0W4TRYXerG+BdAvAQ==

oas-validator@^5.0.8:
  version "5.0.8"
  resolved "https://registry.yarnpkg.com/oas-validator/-/oas-validator-5.0.8.tgz#387e90df7cafa2d3ffc83b5fb976052b87e73c28"
  integrity sha512-cu20/HE5N5HKqVygs3dt94eYJfBi0TsZvPVXDhbXQHiEityDN+RROTleefoKRKKJ9dFAF2JBkDHgvWj0sjKGmw==
  dependencies:
    call-me-maybe "^1.0.1"
    oas-kit-common "^1.0.8"
    oas-linter "^3.2.2"
    oas-resolver "^2.5.6"
    oas-schema-walker "^1.1.5"
    reftools "^1.1.9"
    should "^13.2.1"
    yaml "^1.10.0"

object-hash@3.0.0:
  version "3.0.0"
  resolved "https://registry.yarnpkg.com/object-hash/-/object-hash-3.0.0.tgz#73f97f753e7baffc0e2cc9d6e079079744ac82e9"
  integrity sha512-RSn9F68PjH9HqtltsSnqYC1XXoWe9Bju5+213R98cNGttag9q9yAOTzdbsqvIa7aNm5WffBZFpWYr2aWrklWAw==

openapi-to-postmanv2@^5.8.0:
  version "5.8.0"
  resolved "https://registry.yarnpkg.com/openapi-to-postmanv2/-/openapi-to-postmanv2-5.8.0.tgz#d4dd2d5aa25b34cf767fb02011431cdadfd18a34"
  integrity sha512-7f02ypBlAx4G9z3bP/uDk8pBwRbYt97Eoso8XJLyclfyRvCC+CvERLUl0MD0x+GoumpkJYnQ0VGdib/kwtUdUw==
  dependencies:
    ajv "^8.11.0"
    ajv-draft-04 "1.0.0"
    ajv-formats "2.1.1"
    async "3.2.6"
    commander "2.20.3"
    graphlib "2.1.8"
    js-yaml "4.1.0"
    json-pointer "0.6.2"
    json-schema-merge-allof "0.8.1"
    lodash "4.17.21"
    neotraverse "0.6.15"
    oas-resolver-browser "2.5.6"
    object-hash "3.0.0"
    path-browserify "1.0.1"
    postman-collection "^5.0.0"
    swagger2openapi "7.0.8"
    yaml "1.10.2"

path-browserify@1.0.1, path-browserify@^1.0.1:
  version "1.0.1"
  resolved "https://registry.yarnpkg.com/path-browserify/-/path-browserify-1.0.1.tgz#d98454a9c3753d5790860f16f68867b9e46be1fd"
  integrity sha512-b7uo2UCUOYZcnF/3ID0lulOJi/bafxa1xPe7ZPsammBSpjSWQkjNxlt635YGS2MiR9GjvuXCtz2emr3jbsz98g==

postman-collection@^5.0.0:
  version "5.2.0"
  resolved "https://registry.yarnpkg.com/postman-collection/-/postman-collection-5.2.0.tgz#62885baf632fa4c33de9d9fca78a8daf9121e5f0"
  integrity sha512-ktjlchtpoCw+FZRg+WwnGWH1w9oQDNUBLSRh+9ETPqFAz3SupqHqRuMh74xjQ+PvTWY/WH2JR4ZW+1sH58Ul1g==
  dependencies:
    "@faker-js/faker" "5.5.3"
    file-type "3.9.0"
    http-reasons "0.1.0"
    iconv-lite "0.6.3"
    liquid-json "0.3.1"
    lodash "4.17.21"
    mime "3.0.0"
    mime-format "2.0.2"
    postman-url-encoder "3.0.8"
    semver "7.7.1"
    uuid "8.3.2"

postman-url-encoder@3.0.8:
  version "3.0.8"
  resolved "https://registry.yarnpkg.com/postman-url-encoder/-/postman-url-encoder-3.0.8.tgz#f4f40c1858301fadc466f0a7825f9bb638857367"
  integrity sha512-EOgUMBazo7JNP4TDrd64TsooCiWzzo4143Ws8E8WYGEpn2PKpq+S4XRTDhuRTYHm3VKOpUZs7ZYZq7zSDuesqA==
  dependencies:
    punycode "^2.3.1"

proxy-from-env@^1.1.0:
  version "1.1.0"
  resolved "https://registry.yarnpkg.com/proxy-from-env/-/proxy-from-env-1.1.0.tgz#e102f16ca355424865755d2c9e8ea4f24d58c3e2"
  integrity sha512-D+zkORCbA9f1tdWRK0RaCR3GPv50cMxcrz4X8k5LTSUD1Dkw47mKJEZQNunItRTkWwgtaUSo1RVFRIG9ZXiFYg==

punycode@^2.3.1:
  version "2.3.1"
  resolved "https://registry.yarnpkg.com/punycode/-/punycode-2.3.1.tgz#027422e2faec0b25e1549c3e1bd8309b9133b6e5"
  integrity sha512-vYt7UD1U9Wg6138shLtLOvdAu+8DsC/ilFtEVHcH+wydcSpNE20AfSOduf6MkRFahL5FY7X1oU7nKVZFtfq8Fg==

reftools@^1.1.9:
  version "1.1.9"
  resolved "https://registry.yarnpkg.com/reftools/-/reftools-1.1.9.tgz#e16e19f662ccd4648605312c06d34e5da3a2b77e"
  integrity sha512-OVede/NQE13xBQ+ob5CKd5KyeJYU2YInb1bmV4nRoOfquZPkAkxuOXicSe1PvqIuZZ4kD13sPKBbR7UFDmli6w==

require-directory@^2.1.1:
  version "2.1.1"
  resolved "https://registry.yarnpkg.com/require-directory/-/require-directory-2.1.1.tgz#8c64ad5fd30dab1c976e2344ffe7f792a6a6df42"
  integrity sha512-fGxEI7+wsG9xrvdjsrlmL22OMTTiHRwAMroiEeMgq8gzoLC/PQr7RsRDSTLUg/bZAZtF+TVIkHc6/4RIKrui+Q==

require-from-string@^2.0.2:
  version "2.0.2"
  resolved "https://registry.yarnpkg.com/require-from-string/-/require-from-string-2.0.2.tgz#89a7fdd938261267318eafe14f9c32e598c36909"
  integrity sha512-Xf0nWe6RseziFMu+Ap9biiUbmplq6S9/p+7w7YXP/JBHhrUDDUhwa+vANyubuqfZWTveU//DYVGsDG7RKL/vEw==

"safer-buffer@>= 2.1.2 < 3.0.0":
  version "2.1.2"
  resolved "https://registry.yarnpkg.com/safer-buffer/-/safer-buffer-2.1.2.tgz#44fa161b0187b9549dd84bb91802f9bd8385cd6a"
  integrity sha512-YZo3K82SD7Riyi0E1EQPojLz7kpepnSQI9IyPbHHg1XXXevb5dJI7tpyN2ADxGcQbHG7vcyRHk0cbwqcQriUtg==

semver@7.7.1:
  version "7.7.1"
  resolved "https://registry.yarnpkg.com/semver/-/semver-7.7.1.tgz#abd5098d82b18c6c81f6074ff2647fd3e7220c9f"
  integrity sha512-hlq8tAfn0m/61p4BVRcPzIGr6LKiMwo4VM6dGi6pt4qcRkmNzTcWq6eCEjEh+qXjkMDvPlOFFSGwQjoEa6gyMA==

semver@^7.5.2:
  version "7.7.3"
  resolved "https://registry.yarnpkg.com/semver/-/semver-7.7.3.tgz#4b5f4143d007633a8dc671cd0a6ef9147b8bb946"
  integrity sha512-SdsKMrI9TdgjdweUSR9MweHA4EJ8YxHn8DFaDisvhVlUOe4BF1tLD7GAj0lIqWVl+dPb/rExr0Btby5loQm20Q==

should-equal@^2.0.0:
  version "2.0.0"
  resolved "https://registry.yarnpkg.com/should-equal/-/should-equal-2.0.0.tgz#6072cf83047360867e68e98b09d71143d04ee0c3"
  integrity sha512-ZP36TMrK9euEuWQYBig9W55WPC7uo37qzAEmbjHz4gfyuXrEUgF8cUvQVO+w+d3OMfPvSRQJ22lSm8MQJ43LTA==
  dependencies:
    should-type "^1.4.0"

should-format@^3.0.3:
  version "3.0.3"
  resolved "https://registry.yarnpkg.com/should-format/-/should-format-3.0.3.tgz#9bfc8f74fa39205c53d38c34d717303e277124f1"
  integrity sha512-hZ58adtulAk0gKtua7QxevgUaXTTXxIi8t41L3zo9AHvjXO1/7sdLECuHeIN2SRtYXpNkmhoUP2pdeWgricQ+Q==
  dependencies:
    should-type "^1.3.0"
    should-type-adaptors "^1.0.1"

should-type-adaptors@^1.0.1:
  version "1.1.0"
  resolved "https://registry.yarnpkg.com/should-type-adaptors/-/should-type-adaptors-1.1.0.tgz#401e7f33b5533033944d5cd8bf2b65027792e27a"
  integrity sha512-JA4hdoLnN+kebEp2Vs8eBe9g7uy0zbRo+RMcU0EsNy+R+k049Ki+N5tT5Jagst2g7EAja+euFuoXFCa8vIklfA==
  dependencies:
    should-type "^1.3.0"
    should-util "^1.0.0"

should-type@^1.3.0, should-type@^1.4.0:
  version "1.4.0"
  resolved "https://registry.yarnpkg.com/should-type/-/should-type-1.4.0.tgz#0756d8ce846dfd09843a6947719dfa0d4cff5cf3"
  integrity sha512-MdAsTu3n25yDbIe1NeN69G4n6mUnJGtSJHygX3+oN0ZbO3DTiATnf7XnYJdGT42JCXurTb1JI0qOBR65shvhPQ==

should-util@^1.0.0:
  version "1.0.1"
  resolved "https://registry.yarnpkg.com/should-util/-/should-util-1.0.1.tgz#fb0d71338f532a3a149213639e2d32cbea8bcb28"
  integrity sha512-oXF8tfxx5cDk8r2kYqlkUJzZpDBqVY/II2WhvU0n9Y3XYvAYRmeaf1PvvIvTgPnv4KJ+ES5M0PyDq5Jp+Ygy2g==

should@^13.2.1:
  version "13.2.3"
  resolved "https://registry.yarnpkg.com/should/-/should-13.2.3.tgz#96d8e5acf3e97b49d89b51feaa5ae8d07ef58f10"
  integrity sha512-ggLesLtu2xp+ZxI+ysJTmNjh2U0TsC+rQ/pfED9bUZZ4DKefP27D+7YJVVTvKsmjLpIi9jAa7itwDGkDDmt1GQ==
  dependencies:
    should-equal "^2.0.0"
    should-format "^3.0.3"
    should-type "^1.4.0"
    should-type-adaptors "^1.0.1"
    should-util "^1.0.0"

string-width@^4.1.0, string-width@^4.2.0, string-width@^4.2.3:
  version "4.2.3"
  resolved "https://registry.yarnpkg.com/string-width/-/string-width-4.2.3.tgz#269c7117d27b05ad2e536830a8ec895ef9c6d010"
  integrity sha512-wKyQRQpjJ0sIp62ErSZdGsjMJWsap5oRNihHhu6G7JVO/9jIB6UyevL+tXuOqrng8j/cxKTWyWUwvSTriiZz/g==
  dependencies:
    emoji-regex "^8.0.0"
    is-fullwidth-code-point "^3.0.0"
    strip-ansi "^6.0.1"

strip-ansi@^6.0.0, strip-ansi@^6.0.1:
  version "6.0.1"
  resolved "https://registry.yarnpkg.com/strip-ansi/-/strip-ansi-6.0.1.tgz#9e26c63d30f53443e9489495b2105d37b67a85d9"
  integrity sha512-Y38VPSHcqkFrCpFnQ9vuSXmquuv5oXOKpGeT6aGrr3o3Gc9AlVa6JBfUSOCnbxGGZF+/0ooI7KrPuUSztUdU5A==
  dependencies:
    ansi-regex "^5.0.1"

swagger2openapi@7.0.8:
  version "7.0.8"
  resolved "https://registry.yarnpkg.com/swagger2openapi/-/swagger2openapi-7.0.8.tgz#12c88d5de776cb1cbba758994930f40ad0afac59"
  integrity sha512-upi/0ZGkYgEcLeGieoz8gT74oWHA0E7JivX7aN9mAf+Tc7BQoRBvnIGHoPDw+f9TXTW4s6kGYCZJtauP6OYp7g==
  dependencies:
    call-me-maybe "^1.0.1"
    node-fetch "^2.6.1"
    node-fetch-h2 "^2.3.0"
    node-readfiles "^0.2.0"
    oas-kit-common "^1.0.8"
    oas-resolver "^2.5.6"
    oas-schema-walker "^1.1.5"
    oas-validator "^5.0.8"
    reftools "^1.1.9"
    yaml "^1.10.0"
    yargs "^17.0.1"

tr46@~0.0.3:
  version "0.0.3"
  resolved "https://registry.yarnpkg.com/tr46/-/tr46-0.0.3.tgz#8184fd347dac9cdc185992f3a6622e14b9d9ab6a"
  integrity sha512-N3WMsuqV66lT30CrXNbEjx4GEwlow3v6rr4mCcv6prnfwhS01rkgyFdjPNBYd9br7LpXV1+Emh01fHnq2Gdgrw==

uuid@8.3.2:
  version "8.3.2"
  resolved "https://registry.yarnpkg.com/uuid/-/uuid-8.3.2.tgz#80d5b5ced271bb9af6c445f21a1a04c606cefbe2"
  integrity sha512-+NYs2QeMWy+GWFOEm9xnn6HCDp0l7QBD7ml8zLUmJ+93Q5NF0NocErnwkTkXVFNiX3/fpC6afS8Dhb/gz7R7eg==

validate.io-array@^1.0.3:
  version "1.0.6"
  resolved "https://registry.yarnpkg.com/validate.io-array/-/validate.io-array-1.0.6.tgz#5b5a2cafd8f8b85abb2f886ba153f2d93a27774d"
  integrity sha512-DeOy7CnPEziggrOO5CZhVKJw6S3Yi7e9e65R1Nl/RTN1vTQKnzjfvks0/8kQ40FP/dsjRAOd4hxmJ7uLa6vxkg==

validate.io-function@^1.0.2:
  version "1.0.2"
  resolved "https://registry.yarnpkg.com/validate.io-function/-/validate.io-function-1.0.2.tgz#343a19802ed3b1968269c780e558e93411c0bad7"
  integrity sha512-LlFybRJEriSuBnUhQyG5bwglhh50EpTL2ul23MPIuR1odjO7XaMLFV8vHGwp7AZciFxtYOeiSCT5st+XSPONiQ==

validate.io-integer-array@^1.0.0:
  version "1.0.0"
  resolved "https://registry.yarnpkg.com/validate.io-integer-array/-/validate.io-integer-array-1.0.0.tgz#2cabde033293a6bcbe063feafe91eaf46b13a089"
  integrity sha512-mTrMk/1ytQHtCY0oNO3dztafHYyGU88KL+jRxWuzfOmQb+4qqnWmI+gykvGp8usKZOM0H7keJHEbRaFiYA0VrA==
  dependencies:
    validate.io-array "^1.0.3"
    validate.io-integer "^1.0.4"

validate.io-integer@^1.0.4:
  version "1.0.5"
  resolved "https://registry.yarnpkg.com/validate.io-integer/-/validate.io-integer-1.0.5.tgz#168496480b95be2247ec443f2233de4f89878068"
  integrity sha512-22izsYSLojN/P6bppBqhgUDjCkr5RY2jd+N2a3DCAUey8ydvrZ/OkGvFPR7qfOpwR2LC5p4Ngzxz36g5Vgr/hQ==
  dependencies:
    validate.io-number "^1.0.3"

validate.io-number@^1.0.3:
  version "1.0.3"
  resolved "https://registry.yarnpkg.com/validate.io-number/-/validate.io-number-1.0.3.tgz#f63ffeda248bf28a67a8d48e0e3b461a1665baf8"
  integrity sha512-kRAyotcbNaSYoDnXvb4MHg/0a1egJdLwS6oJ38TJY7aw9n93Fl/3blIXdyYvPOp55CNxywooG/3BcrwNrBpcSg==

webidl-conversions@^3.0.0:
  version "3.0.1"
  resolved "https://registry.yarnpkg.com/webidl-conversions/-/webidl-conversions-3.0.1.tgz#24534275e2a7bc6be7bc86611cc16ae0a5654871"
  integrity sha512-2JAn3z8AR6rjK8Sm8orRC0h/bcl/DqL7tRPdGZ4I1CjdF+EaMLmYxBHyXuKL849eucPFhvBoxMsflfOb8kxaeQ==

whatwg-url@^5.0.0:
  version "5.0.0"
  resolved "https://registry.yarnpkg.com/whatwg-url/-/whatwg-url-5.0.0.tgz#966454e8765462e37644d3626f6742ce8b70965d"
  integrity sha512-saE57nupxk6v3HY35+jzBwYa0rKSy0XR8JSxZPwgLr7ys0IBzhGviA1/TUGJLmSVqs8pb9AnvICXEuOHLprYTw==
  dependencies:
    tr46 "~0.0.3"
    webidl-conversions "^3.0.0"

wrap-ansi@^7.0.0:
  version "7.0.0"
  resolved "https://registry.yarnpkg.com/wrap-ansi/-/wrap-ansi-7.0.0.tgz#67e145cff510a6a6984bdf1152911d69d2eb9e43"
  integrity sha512-YVGIj2kamLSTxw6NsZjoBxfSwsn0ycdesmc4p+Q21c5zPuZ1pl+NfxVdxPtdHvmNVOQ6XSYG4AUtyt/Fi7D16Q==
  dependencies:
    ansi-styles "^4.0.0"
    string-width "^4.1.0"
    strip-ansi "^6.0.0"

y18n@^5.0.5:
  version "5.0.8"
  resolved "https://registry.yarnpkg.com/y18n/-/y18n-5.0.8.tgz#7f4934d0f7ca8c56f95314939ddcd2dd91ce1d55"
  integrity sha512-0pfFzegeDWJHJIAmTLRP2DwHjdF5s7jo9tuztdQxAhINCdvS+3nGINqPd00AphqJR/0LhANUS6/+7SCb98YOfA==

yaml@1.10.2, yaml@^1.10.0:
  version "1.10.2"
  resolved "https://registry.yarnpkg.com/yaml/-/yaml-1.10.2.tgz#2301c5ffbf12b467de8da2333a459e29e7920e4b"
  integrity sha512-r3vXyErRCYJ7wg28yvBY5VSoAF8ZvlcW9/BwUzEtUsjvX/DKs24dIkuwjtuprwJJHsbyUbLApepYTR1BN4uHrg==

yargs-parser@^21.1.1:
  version "21.1.1"
  resolved "https://registry.yarnpkg.com/yargs-parser/-/yargs-parser-21.1.1.tgz#9096bceebf990d21bb31fa9516e0ede294a77d35"
  integrity sha512-tVpsJW7DdjecAiFpbIB1e3qxIQsE6NoPc5/eTdrbbIC4h0LVsWhnoa3g+m2HclBIujHzsxZ4VJVA+GUuc2/LBw==

yargs@^17.0.1:
  version "17.7.2"
  resolved "https://registry.yarnpkg.com/yargs/-/yargs-17.7.2.tgz#991df39aca675a192b816e1e0363f9d75d2aa269"
  integrity sha512-7dSzzRQ++CKnNI/krKnYRV7JKKPUXMEh61soaHKg9mrWEhzFWhFnxPxGl+69cD1Ou63C13NUPCnmIcrvqCuM6w==
  dependencies:
    cliui "^8.0.1"
    escalade "^3.1.1"
    get-caller-file "^2.0.5"
    require-directory "^2.1.1"
    string-width "^4.2.3"
    y18n "^5.0.5"
    yargs-parser "^21.1.1"
